// !$*UTF8*$!
{
	archiveVersion = 1;
	classes = {
	};
	objectVersion = 46;
	objects = {

/* Begin PBXBuildFile section */
		238FC2BA1AA7F7C90012509C /* AppDelegate.swift in Sources */ = {isa = PBXBuildFile; fileRef = 238FC2B91AA7F7C90012509C /* AppDelegate.swift */; };
		238FC2BD1AA7F7C90012509C /* ClassChat.xcdatamodeld in Sources */ = {isa = PBXBuildFile; fileRef = 238FC2BB1AA7F7C90012509C /* ClassChat.xcdatamodeld */; };
		238FC2BF1AA7F7C90012509C /* MasterViewController.swift in Sources */ = {isa = PBXBuildFile; fileRef = 238FC2BE1AA7F7C90012509C /* MasterViewController.swift */; };
		238FC2C11AA7F7C90012509C /* DetailViewController.swift in Sources */ = {isa = PBXBuildFile; fileRef = 238FC2C01AA7F7C90012509C /* DetailViewController.swift */; };
		238FC2C41AA7F7C90012509C /* Main.storyboard in Resources */ = {isa = PBXBuildFile; fileRef = 238FC2C21AA7F7C90012509C /* Main.storyboard */; };
		238FC2C61AA7F7C90012509C /* Images.xcassets in Resources */ = {isa = PBXBuildFile; fileRef = 238FC2C51AA7F7C90012509C /* Images.xcassets */; };
		238FC2C91AA7F7C90012509C /* LaunchScreen.xib in Resources */ = {isa = PBXBuildFile; fileRef = 238FC2C71AA7F7C90012509C /* LaunchScreen.xib */; };
		238FC2D51AA7F7C90012509C /* ClassChatTests.swift in Sources */ = {isa = PBXBuildFile; fileRef = 238FC2D41AA7F7C90012509C /* ClassChatTests.swift */; };
		238FC2E11AA80BC20012509C /* AddClass.swift in Sources */ = {isa = PBXBuildFile; fileRef = 238FC2E01AA80BC20012509C /* AddClass.swift */; };
		238FC2E31AA80EDE0012509C /* DismissSegue.swift in Sources */ = {isa = PBXBuildFile; fileRef = 238FC2E21AA80EDE0012509C /* DismissSegue.swift */; };
		23C1FC6C1AA8E0F700A26E88 /* Class.swift in Sources */ = {isa = PBXBuildFile; fileRef = 23C1FC6B1AA8E0F700A26E88 /* Class.swift */; };
		23C1FC6E1AA8E1BB00A26E88 /* ClassStore.swift in Sources */ = {isa = PBXBuildFile; fileRef = 23C1FC6D1AA8E1BB00A26E88 /* ClassStore.swift */; };
/* End PBXBuildFile section */

/* Begin PBXContainerItemProxy section */
		238FC2CF1AA7F7C90012509C /* PBXContainerItemProxy */ = {
			isa = PBXContainerItemProxy;
			containerPortal = 238FC2AC1AA7F7C90012509C /* Project object */;
			proxyType = 1;
			remoteGlobalIDString = 238FC2B31AA7F7C90012509C;
			remoteInfo = ClassChat;
		};
/* End PBXContainerItemProxy section */

/* Begin PBXFileReference section */
		238FC2B41AA7F7C90012509C /* ClassChat.app */ = {isa = PBXFileReference; explicitFileType = wrapper.application; includeInIndex = 0; path = ClassChat.app; sourceTree = BUILT_PRODUCTS_DIR; };
		238FC2B81AA7F7C90012509C /* Info.plist */ = {isa = PBXFileReference; lastKnownFileType = text.plist.xml; path = Info.plist; sourceTree = "<group>"; };
		238FC2B91AA7F7C90012509C /* AppDelegate.swift */ = {isa = PBXFileReference; lastKnownFileType = sourcecode.swift; path = AppDelegate.swift; sourceTree = "<group>"; };
		238FC2BC1AA7F7C90012509C /* ClassChat.xcdatamodel */ = {isa = PBXFileReference; lastKnownFileType = wrapper.xcdatamodel; path = ClassChat.xcdatamodel; sourceTree = "<group>"; };
		238FC2BE1AA7F7C90012509C /* MasterViewController.swift */ = {isa = PBXFileReference; lastKnownFileType = sourcecode.swift; path = MasterViewController.swift; sourceTree = "<group>"; };
		238FC2C01AA7F7C90012509C /* DetailViewController.swift */ = {isa = PBXFileReference; lastKnownFileType = sourcecode.swift; path = DetailViewController.swift; sourceTree = "<group>"; };
		238FC2C31AA7F7C90012509C /* Base */ = {isa = PBXFileReference; lastKnownFileType = file.storyboard; name = Base; path = Base.lproj/Main.storyboard; sourceTree = "<group>"; };
		238FC2C51AA7F7C90012509C /* Images.xcassets */ = {isa = PBXFileReference; lastKnownFileType = folder.assetcatalog; path = Images.xcassets; sourceTree = "<group>"; };
		238FC2C81AA7F7C90012509C /* Base */ = {isa = PBXFileReference; lastKnownFileType = file.xib; name = Base; path = Base.lproj/LaunchScreen.xib; sourceTree = "<group>"; };
		238FC2CE1AA7F7C90012509C /* ClassChatTests.xctest */ = {isa = PBXFileReference; explicitFileType = wrapper.cfbundle; includeInIndex = 0; path = ClassChatTests.xctest; sourceTree = BUILT_PRODUCTS_DIR; };
		238FC2D31AA7F7C90012509C /* Info.plist */ = {isa = PBXFileReference; lastKnownFileType = text.plist.xml; path = Info.plist; sourceTree = "<group>"; };
		238FC2D41AA7F7C90012509C /* ClassChatTests.swift */ = {isa = PBXFileReference; lastKnownFileType = sourcecode.swift; path = ClassChatTests.swift; sourceTree = "<group>"; };
		238FC2E01AA80BC20012509C /* AddClass.swift */ = {isa = PBXFileReference; fileEncoding = 4; lastKnownFileType = sourcecode.swift; name = AddClass.swift; path = ../AddClass.swift; sourceTree = "<group>"; };
		238FC2E21AA80EDE0012509C /* DismissSegue.swift */ = {isa = PBXFileReference; fileEncoding = 4; lastKnownFileType = sourcecode.swift; path = DismissSegue.swift; sourceTree = "<group>"; };
		23C1FC6B1AA8E0F700A26E88 /* Class.swift */ = {isa = PBXFileReference; fileEncoding = 4; lastKnownFileType = sourcecode.swift; path = Class.swift; sourceTree = "<group>"; };
		23C1FC6D1AA8E1BB00A26E88 /* ClassStore.swift */ = {isa = PBXFileReference; fileEncoding = 4; lastKnownFileType = sourcecode.swift; path = ClassStore.swift; sourceTree = "<group>"; };
/* End PBXFileReference section */

/* Begin PBXFrameworksBuildPhase section */
		238FC2B11AA7F7C90012509C /* Frameworks */ = {
			isa = PBXFrameworksBuildPhase;
			buildActionMask = 2147483647;
			files = (
			);
			runOnlyForDeploymentPostprocessing = 0;
		};
		238FC2CB1AA7F7C90012509C /* Frameworks */ = {
			isa = PBXFrameworksBuildPhase;
			buildActionMask = 2147483647;
			files = (
			);
			runOnlyForDeploymentPostprocessing = 0;
		};
/* End PBXFrameworksBuildPhase section */

/* Begin PBXGroup section */
		238FC2AB1AA7F7C90012509C = {
			isa = PBXGroup;
			children = (
				238FC2B61AA7F7C90012509C /* ClassChat */,
				238FC2D11AA7F7C90012509C /* ClassChatTests */,
				238FC2B51AA7F7C90012509C /* Products */,
			);
			sourceTree = "<group>";
		};
		238FC2B51AA7F7C90012509C /* Products */ = {
			isa = PBXGroup;
			children = (
				238FC2B41AA7F7C90012509C /* ClassChat.app */,
				238FC2CE1AA7F7C90012509C /* ClassChatTests.xctest */,
			);
			name = Products;
			sourceTree = "<group>";
		};
		238FC2B61AA7F7C90012509C /* ClassChat */ = {
			isa = PBXGroup;
			children = (
				238FC2E01AA80BC20012509C /* AddClass.swift */,
				238FC2B91AA7F7C90012509C /* AppDelegate.swift */,
				238FC2BE1AA7F7C90012509C /* MasterViewController.swift */,
				238FC2C01AA7F7C90012509C /* DetailViewController.swift */,
				238FC2C21AA7F7C90012509C /* Main.storyboard */,
				23C1FC6B1AA8E0F700A26E88 /* Class.swift */,
				23C1FC6D1AA8E1BB00A26E88 /* ClassStore.swift */,
				238FC2E21AA80EDE0012509C /* DismissSegue.swift */,
				238FC2C51AA7F7C90012509C /* Images.xcassets */,
				238FC2C71AA7F7C90012509C /* LaunchScreen.xib */,
				238FC2BB1AA7F7C90012509C /* ClassChat.xcdatamodeld */,
				238FC2B71AA7F7C90012509C /* Supporting Files */,
			);
			path = ClassChat;
			sourceTree = "<group>";
		};
		238FC2B71AA7F7C90012509C /* Supporting Files */ = {
			isa = PBXGroup;
			children = (
				238FC2B81AA7F7C90012509C /* Info.plist */,
			);
			name = "Supporting Files";
			sourceTree = "<group>";
		};
		238FC2D11AA7F7C90012509C /* ClassChatTests */ = {
			isa = PBXGroup;
			children = (
				238FC2D41AA7F7C90012509C /* ClassChatTests.swift */,
				238FC2D21AA7F7C90012509C /* Supporting Files */,
			);
			path = ClassChatTests;
			sourceTree = "<group>";
		};
		238FC2D21AA7F7C90012509C /* Supporting Files */ = {
			isa = PBXGroup;
			children = (
				238FC2D31AA7F7C90012509C /* Info.plist */,
			);
			name = "Supporting Files";
			sourceTree = "<group>";
		};
/* End PBXGroup section */

/* Begin PBXNativeTarget section */
		238FC2B31AA7F7C90012509C /* ClassChat */ = {
			isa = PBXNativeTarget;
			buildConfigurationList = 238FC2D81AA7F7C90012509C /* Build configuration list for PBXNativeTarget "ClassChat" */;
			buildPhases = (
				238FC2B01AA7F7C90012509C /* Sources */,
				238FC2B11AA7F7C90012509C /* Frameworks */,
				238FC2B21AA7F7C90012509C /* Resources */,
			);
			buildRules = (
			);
			dependencies = (
			);
			name = ClassChat;
			productName = ClassChat;
			productReference = 238FC2B41AA7F7C90012509C /* ClassChat.app */;
			productType = "com.apple.product-type.application";
		};
		238FC2CD1AA7F7C90012509C /* ClassChatTests */ = {
			isa = PBXNativeTarget;
			buildConfigurationList = 238FC2DB1AA7F7C90012509C /* Build configuration list for PBXNativeTarget "ClassChatTests" */;
			buildPhases = (
				238FC2CA1AA7F7C90012509C /* Sources */,
				238FC2CB1AA7F7C90012509C /* Frameworks */,
				238FC2CC1AA7F7C90012509C /* Resources */,
			);
			buildRules = (
			);
			dependencies = (
				238FC2D01AA7F7C90012509C /* PBXTargetDependency */,
			);
			name = ClassChatTests;
			productName = ClassChatTests;
			productReference = 238FC2CE1AA7F7C90012509C /* ClassChatTests.xctest */;
			productType = "com.apple.product-type.bundle.unit-test";
		};
/* End PBXNativeTarget section */

/* Begin PBXProject section */
		238FC2AC1AA7F7C90012509C /* Project object */ = {
			isa = PBXProject;
			attributes = {
				LastUpgradeCheck = 0610;
				ORGANIZATIONNAME = Jake;
				TargetAttributes = {
					238FC2B31AA7F7C90012509C = {
						CreatedOnToolsVersion = 6.1.1;
					};
					238FC2CD1AA7F7C90012509C = {
						CreatedOnToolsVersion = 6.1.1;
						TestTargetID = 238FC2B31AA7F7C90012509C;
					};
				};
			};
			buildConfigurationList = 238FC2AF1AA7F7C90012509C /* Build configuration list for PBXProject "ClassChat" */;
			compatibilityVersion = "Xcode 3.2";
			developmentRegion = English;
			hasScannedForEncodings = 0;
			knownRegions = (
				en,
				Base,
			);
			mainGroup = 238FC2AB1AA7F7C90012509C;
			productRefGroup = 238FC2B51AA7F7C90012509C /* Products */;
			projectDirPath = "";
			projectRoot = "";
			targets = (
				238FC2B31AA7F7C90012509C /* ClassChat */,
				238FC2CD1AA7F7C90012509C /* ClassChatTests */,
			);
		};
/* End PBXProject section */

/* Begin PBXResourcesBuildPhase section */
		238FC2B21AA7F7C90012509C /* Resources */ = {
			isa = PBXResourcesBuildPhase;
			buildActionMask = 2147483647;
			files = (
				238FC2C41AA7F7C90012509C /* Main.storyboard in Resources */,
				238FC2C91AA7F7C90012509C /* LaunchScreen.xib in Resources */,
				238FC2C61AA7F7C90012509C /* Images.xcassets in Resources */,
			);
			runOnlyForDeploymentPostprocessing = 0;
		};
		238FC2CC1AA7F7C90012509C /* Resources */ = {
			isa = PBXResourcesBuildPhase;
			buildActionMask = 2147483647;
			files = (
			);
			runOnlyForDeploymentPostprocessing = 0;
		};
/* End PBXResourcesBuildPhase section */

/* Begin PBXSourcesBuildPhase section */
		238FC2B01AA7F7C90012509C /* Sources */ = {
			isa = PBXSourcesBuildPhase;
			buildActionMask = 2147483647;
			files = (
				238FC2E11AA80BC20012509C /* AddClass.swift in Sources */,
				238FC2BD1AA7F7C90012509C /* ClassChat.xcdatamodeld in Sources */,
				23C1FC6C1AA8E0F700A26E88 /* Class.swift in Sources */,
				238FC2BA1AA7F7C90012509C /* AppDelegate.swift in Sources */,
				238FC2BF1AA7F7C90012509C /* MasterViewController.swift in Sources */,
				238FC2E31AA80EDE0012509C /* DismissSegue.swift in Sources */,
				23C1FC6E1AA8E1BB00A26E88 /* ClassStore.swift in Sources */,
				238FC2C11AA7F7C90012509C /* DetailViewController.swift in Sources */,
			);
			runOnlyForDeploymentPostprocessing = 0;
		};
		238FC2CA1AA7F7C90012509C /* Sources */ = {
			isa = PBXSourcesBuildPhase;
			buildActionMask = 2147483647;
			files = (
				238FC2D51AA7F7C90012509C /* ClassChatTests.swift in Sources */,
			);
			runOnlyForDeploymentPostprocessing = 0;
		};
/* End PBXSourcesBuildPhase section */

/* Begin PBXTargetDependency section */
		238FC2D01AA7F7C90012509C /* PBXTargetDependency */ = {
			isa = PBXTargetDependency;
			target = 238FC2B31AA7F7C90012509C /* ClassChat */;
			targetProxy = 238FC2CF1AA7F7C90012509C /* PBXContainerItemProxy */;
		};
/* End PBXTargetDependency section */

/* Begin PBXVariantGroup section */
		238FC2C21AA7F7C90012509C /* Main.storyboard */ = {
			isa = PBXVariantGroup;
			children = (
				238FC2C31AA7F7C90012509C /* Base */,
			);
			name = Main.storyboard;
			sourceTree = "<group>";
		};
		238FC2C71AA7F7C90012509C /* LaunchScreen.xib */ = {
			isa = PBXVariantGroup;
			children = (
				238FC2C81AA7F7C90012509C /* Base */,
			);
			name = LaunchScreen.xib;
			sourceTree = "<group>";
		};
/* End PBXVariantGroup section */

/* Begin XCBuildConfiguration section */
		238FC2D61AA7F7C90012509C /* Debug */ = {
			isa = XCBuildConfiguration;
			buildSettings = {
				ALWAYS_SEARCH_USER_PATHS = NO;
				CLANG_CXX_LANGUAGE_STANDARD = "gnu++0x";
				CLANG_CXX_LIBRARY = "libc++";
				CLANG_ENABLE_MODULES = YES;
				CLANG_ENABLE_OBJC_ARC = YES;
				CLANG_WARN_BOOL_CONVERSION = YES;
				CLANG_WARN_CONSTANT_CONVERSION = YES;
				CLANG_WARN_DIRECT_OBJC_ISA_USAGE = YES_ERROR;
				CLANG_WARN_EMPTY_BODY = YES;
				CLANG_WARN_ENUM_CONVERSION = YES;
				CLANG_WARN_INT_CONVERSION = YES;
				CLANG_WARN_OBJC_ROOT_CLASS = YES_ERROR;
				CLANG_WARN_UNREACHABLE_CODE = YES;
				CLANG_WARN__DUPLICATE_METHOD_MATCH = YES;
				"CODE_SIGN_IDENTITY[sdk=iphoneos*]" = "iPhone Developer";
				COPY_PHASE_STRIP = NO;
				ENABLE_STRICT_OBJC_MSGSEND = YES;
				GCC_C_LANGUAGE_STANDARD = gnu99;
				GCC_DYNAMIC_NO_PIC = NO;
				GCC_OPTIMIZATION_LEVEL = 0;
				GCC_PREPROCESSOR_DEFINITIONS = (
					"DEBUG=1",
					"$(inherited)",
				);
				GCC_SYMBOLS_PRIVATE_EXTERN = NO;
				GCC_WARN_64_TO_32_BIT_CONVERSION = YES;
				GCC_WARN_ABOUT_RETURN_TYPE = YES_ERROR;
				GCC_WARN_UNDECLARED_SELECTOR = YES;
				GCC_WARN_UNINITIALIZED_AUTOS = YES_AGGRESSIVE;
				GCC_WARN_UNUSED_FUNCTION = YES;
				GCC_WARN_UNUSED_VARIABLE = YES;
				IPHONEOS_DEPLOYMENT_TARGET = 8.1;
				MTL_ENABLE_DEBUG_INFO = YES;
				ONLY_ACTIVE_ARCH = YES;
				SDKROOT = iphoneos;
				SWIFT_OPTIMIZATION_LEVEL = "-Onone";
			};
			name = Debug;
		};
		238FC2D71AA7F7C90012509C /* Release */ = {
			isa = XCBuildConfiguration;
			buildSettings = {
				ALWAYS_SEARCH_USER_PATHS = NO;
				CLANG_CXX_LANGUAGE_STANDARD = "gnu++0x";
				CLANG_CXX_LIBRARY = "libc++";
				CLANG_ENABLE_MODULES = YES;
				CLANG_ENABLE_OBJC_ARC = YES;
				CLANG_WARN_BOOL_CONVERSION = YES;
				CLANG_WARN_CONSTANT_CONVERSION = YES;
				CLANG_WARN_DIRECT_OBJC_ISA_USAGE = YES_ERROR;
				CLANG_WARN_EMPTY_BODY = YES;
				CLANG_WARN_ENUM_CONVERSION = YES;
				CLANG_WARN_INT_CONVERSION = YES;
				CLANG_WARN_OBJC_ROOT_CLASS = YES_ERROR;
				CLANG_WARN_UNREACHABLE_CODE = YES;
				CLANG_WARN__DUPLICATE_METHOD_MATCH = YES;
				"CODE_SIGN_IDENTITY[sdk=iphoneos*]" = "iPhone Developer";
				COPY_PHASE_STRIP = YES;
				ENABLE_NS_ASSERTIONS = NO;
				ENABLE_STRICT_OBJC_MSGSEND = YES;
				GCC_C_LANGUAGE_STANDARD = gnu99;
				GCC_WARN_64_TO_32_BIT_CONVERSION = YES;
				GCC_WARN_ABOUT_RETURN_TYPE = YES_ERROR;
				GCC_WARN_UNDECLARED_SELECTOR = YES;
				GCC_WARN_UNINITIALIZED_AUTOS = YES_AGGRESSIVE;
				GCC_WARN_UNUSED_FUNCTION = YES;
				GCC_WARN_UNUSED_VARIABLE = YES;
				IPHONEOS_DEPLOYMENT_TARGET = 8.1;
				MTL_ENABLE_DEBUG_INFO = NO;
				SDKROOT = iphoneos;
				VALIDATE_PRODUCT = YES;
			};
			name = Release;
		};
		238FC2D91AA7F7C90012509C /* Debug */ = {
			isa = XCBuildConfiguration;
			buildSettings = {
				ASSETCATALOG_COMPILER_APPICON_NAME = AppIcon;
				INFOPLIST_FILE = ClassChat/Info.plist;
				LD_RUNPATH_SEARCH_PATHS = "$(inherited) @executable_path/Frameworks";
				PRODUCT_NAME = "$(TARGET_NAME)";
				TARGETED_DEVICE_FAMILY = 1;
			};
			name = Debug;
		};
		238FC2DA1AA7F7C90012509C /* Release */ = {
			isa = XCBuildConfiguration;
			buildSettings = {
				ASSETCATALOG_COMPILER_APPICON_NAME = AppIcon;
				INFOPLIST_FILE = ClassChat/Info.plist;
				LD_RUNPATH_SEARCH_PATHS = "$(inherited) @executable_path/Frameworks";
				PRODUCT_NAME = "$(TARGET_NAME)";
				TARGETED_DEVICE_FAMILY = 1;
			};
			name = Release;
		};
		238FC2DC1AA7F7C90012509C /* Debug */ = {
			isa = XCBuildConfiguration;
			buildSettings = {
				BUNDLE_LOADER = "$(TEST_HOST)";
				FRAMEWORK_SEARCH_PATHS = (
					"$(SDKROOT)/Developer/Library/Frameworks",
					"$(inherited)",
				);
				GCC_PREPROCESSOR_DEFINITIONS = (
					"DEBUG=1",
					"$(inherited)",
				);
				INFOPLIST_FILE = ClassChatTests/Info.plist;
				LD_RUNPATH_SEARCH_PATHS = "$(inherited) @executable_path/Frameworks @loader_path/Frameworks";
				PRODUCT_NAME = "$(TARGET_NAME)";
				TEST_HOST = "$(BUILT_PRODUCTS_DIR)/ClassChat.app/ClassChat";
			};
			name = Debug;
		};
		238FC2DD1AA7F7C90012509C /* Release */ = {
			isa = XCBuildConfiguration;
			buildSettings = {
				BUNDLE_LOADER = "$(TEST_HOST)";
				FRAMEWORK_SEARCH_PATHS = (
					"$(SDKROOT)/Developer/Library/Frameworks",
					"$(inherited)",
				);
				INFOPLIST_FILE = ClassChatTests/Info.plist;
				LD_RUNPATH_SEARCH_PATHS = "$(inherited) @executable_path/Frameworks @loader_path/Frameworks";
				PRODUCT_NAME = "$(TARGET_NAME)";
				TEST_HOST = "$(BUILT_PRODUCTS_DIR)/ClassChat.app/ClassChat";
			};
			name = Release;
		};
/* End XCBuildConfiguration section */

/* Begin XCConfigurationList section */
		238FC2AF1AA7F7C90012509C /* Build configuration list for PBXProject "ClassChat" */ = {
			isa = XCConfigurationList;
			buildConfigurations = (
				238FC2D61AA7F7C90012509C /* Debug */,
				238FC2D71AA7F7C90012509C /* Release */,
			);
			defaultConfigurationIsVisible = 0;
			defaultConfigurationName = Release;
		};
		238FC2D81AA7F7C90012509C /* Build configuration list for PBXNativeTarget "ClassChat" */ = {
			isa = XCConfigurationList;
			buildConfigurations = (
				238FC2D91AA7F7C90012509C /* Debug */,
				238FC2DA1AA7F7C90012509C /* Release */,
			);
			defaultConfigurationIsVisible = 0;
			defaultConfigurationName = Release;
		};
		238FC2DB1AA7F7C90012509C /* Build configuration list for PBXNativeTarget "ClassChatTests" */ = {
			isa = XCConfigurationList;
			buildConfigurations = (
				238FC2DC1AA7F7C90012509C /* Debug */,
				238FC2DD1AA7F7C90012509C /* Release */,
			);
			defaultConfigurationIsVisible = 0;
			defaultConfigurationName = Release;
		};
/* End XCConfigurationList section */

/* Begin XCVersionGroup section */
		238FC2BB1AA7F7C90012509C /* ClassChat.xcdatamodeld */ = {
			isa = XCVersionGroup;
			children = (
				238FC2BC1AA7F7C90012509C /* ClassChat.xcdatamodel */,
			);
			currentVersion = 238FC2BC1AA7F7C90012509C /* ClassChat.xcdatamodel */;
			path = ClassChat.xcdatamodeld;
			sourceTree = "<group>";
			versionGroupType = wrapper.xcdatamodel;
		};
/* End XCVersionGroup section */
	};
	rootObject = 238FC2AC1AA7F7C90012509C /* Project object */;
}
