// !$*UTF8*$!
{
	archiveVersion = 1;
	classes = {
	};
	objectVersion = 46;
	objects = {

/* Begin PBXBuildFile section */
		235CC4051ABA7BF70066E882 /* AddCommentViewController.swift in Sources */ = {isa = PBXBuildFile; fileRef = 235CC4041ABA7BF70066E882 /* AddCommentViewController.swift */; };
		235CC4071ABA8D8F0066E882 /* Backend.swift in Sources */ = {isa = PBXBuildFile; fileRef = 235CC4061ABA8D8F0066E882 /* Backend.swift */; };
		237502ED1ABA1558001EB182 /* Comment.swift in Sources */ = {isa = PBXBuildFile; fileRef = 237502EA1ABA1558001EB182 /* Comment.swift */; };
		237502EE1ABA1558001EB182 /* DiscussionViewController.swift in Sources */ = {isa = PBXBuildFile; fileRef = 237502EB1ABA1558001EB182 /* DiscussionViewController.swift */; };
		237502EF1ABA1558001EB182 /* Question.swift in Sources */ = {isa = PBXBuildFile; fileRef = 237502EC1ABA1558001EB182 /* Question.swift */; };
		23C462591AC9AF3A004D577F /* CreateUserViewController.swift in Sources */ = {isa = PBXBuildFile; fileRef = 23C462581AC9AF3A004D577F /* CreateUserViewController.swift */; };
		23EA52CE1AB8D84D00E14EEA /* AddCourseViewController.swift in Sources */ = {isa = PBXBuildFile; fileRef = 23EA52BC1AB8D84D00E14EEA /* AddCourseViewController.swift */; };
		23EA52CF1AB8D84D00E14EEA /* AddQuestionViewController.swift in Sources */ = {isa = PBXBuildFile; fileRef = 23EA52BD1AB8D84D00E14EEA /* AddQuestionViewController.swift */; };
		23EA52D01AB8D84D00E14EEA /* AppDelegate.swift in Sources */ = {isa = PBXBuildFile; fileRef = 23EA52BE1AB8D84D00E14EEA /* AppDelegate.swift */; };
		23EA52D11AB8D84D00E14EEA /* LaunchScreen.xib in Resources */ = {isa = PBXBuildFile; fileRef = 23EA52C01AB8D84D00E14EEA /* LaunchScreen.xib */; };
		23EA52D21AB8D84D00E14EEA /* ClassesViewController.swift in Sources */ = {isa = PBXBuildFile; fileRef = 23EA52C21AB8D84D00E14EEA /* ClassesViewController.swift */; };
		23EA52D31AB8D84D00E14EEA /* Course.swift in Sources */ = {isa = PBXBuildFile; fileRef = 23EA52C31AB8D84D00E14EEA /* Course.swift */; };
		23EA52D41AB8D84D00E14EEA /* CourseStore.swift in Sources */ = {isa = PBXBuildFile; fileRef = 23EA52C41AB8D84D00E14EEA /* CourseStore.swift */; };
		23EA52D61AB8D84D00E14EEA /* CurrentUser.swift in Sources */ = {isa = PBXBuildFile; fileRef = 23EA52C61AB8D84D00E14EEA /* CurrentUser.swift */; };
		23EA52D71AB8D84D00E14EEA /* Images.xcassets in Resources */ = {isa = PBXBuildFile; fileRef = 23EA52C71AB8D84D00E14EEA /* Images.xcassets */; };
		23EA52D81AB8D84D00E14EEA /* Info.plist in Resources */ = {isa = PBXBuildFile; fileRef = 23EA52C81AB8D84D00E14EEA /* Info.plist */; };
		23EA52D91AB8D84D00E14EEA /* LoginViewController.swift in Sources */ = {isa = PBXBuildFile; fileRef = 23EA52C91AB8D84D00E14EEA /* LoginViewController.swift */; };
		23EA52DA1AB8D84D00E14EEA /* Main.storyboard in Resources */ = {isa = PBXBuildFile; fileRef = 23EA52CA1AB8D84D00E14EEA /* Main.storyboard */; };
		23EA52DB1AB8D84D00E14EEA /* QuestionViewController.swift in Sources */ = {isa = PBXBuildFile; fileRef = 23EA52CB1AB8D84D00E14EEA /* QuestionViewController.swift */; };
		23EA52DC1AB8D84D00E14EEA /* User.swift in Sources */ = {isa = PBXBuildFile; fileRef = 23EA52CC1AB8D84D00E14EEA /* User.swift */; };
		23EA52DD1AB8D84D00E14EEA /* UserStore.swift in Sources */ = {isa = PBXBuildFile; fileRef = 23EA52CD1AB8D84D00E14EEA /* UserStore.swift */; };
		23EA52E01AB8D85600E14EEA /* ClassChatTestTests.swift in Sources */ = {isa = PBXBuildFile; fileRef = 23EA52DE1AB8D85600E14EEA /* ClassChatTestTests.swift */; };
		23EA52E11AB8D85600E14EEA /* Info.plist in Resources */ = {isa = PBXBuildFile; fileRef = 23EA52DF1AB8D85600E14EEA /* Info.plist */; };
/* End PBXBuildFile section */

/* Begin PBXContainerItemProxy section */
		23EA52AD1AB8D7AA00E14EEA /* PBXContainerItemProxy */ = {
			isa = PBXContainerItemProxy;
			containerPortal = 23EA528F1AB8D7A900E14EEA /* Project object */;
			proxyType = 1;
			remoteGlobalIDString = 23EA52961AB8D7A900E14EEA;
			remoteInfo = ClassChat;
		};
/* End PBXContainerItemProxy section */

/* Begin PBXFileReference section */
		235CC4041ABA7BF70066E882 /* AddCommentViewController.swift */ = {isa = PBXFileReference; fileEncoding = 4; lastKnownFileType = sourcecode.swift; path = AddCommentViewController.swift; sourceTree = "<group>"; };
		235CC4061ABA8D8F0066E882 /* Backend.swift */ = {isa = PBXFileReference; fileEncoding = 4; lastKnownFileType = sourcecode.swift; path = Backend.swift; sourceTree = "<group>"; };
		237502EA1ABA1558001EB182 /* Comment.swift */ = {isa = PBXFileReference; fileEncoding = 4; lastKnownFileType = sourcecode.swift; path = Comment.swift; sourceTree = "<group>"; };
		237502EB1ABA1558001EB182 /* DiscussionViewController.swift */ = {isa = PBXFileReference; fileEncoding = 4; lastKnownFileType = sourcecode.swift; path = DiscussionViewController.swift; sourceTree = "<group>"; };
		237502EC1ABA1558001EB182 /* Question.swift */ = {isa = PBXFileReference; fileEncoding = 4; lastKnownFileType = sourcecode.swift; path = Question.swift; sourceTree = "<group>"; };
		23C462581AC9AF3A004D577F /* CreateUserViewController.swift */ = {isa = PBXFileReference; fileEncoding = 4; lastKnownFileType = sourcecode.swift; path = CreateUserViewController.swift; sourceTree = "<group>"; };
		23EA52971AB8D7A900E14EEA /* ClassChat.app */ = {isa = PBXFileReference; explicitFileType = wrapper.application; includeInIndex = 0; path = ClassChat.app; sourceTree = BUILT_PRODUCTS_DIR; };
		23EA52AC1AB8D7AA00E14EEA /* ClassChatTests.xctest */ = {isa = PBXFileReference; explicitFileType = wrapper.cfbundle; includeInIndex = 0; path = ClassChatTests.xctest; sourceTree = BUILT_PRODUCTS_DIR; };
		23EA52BC1AB8D84D00E14EEA /* AddCourseViewController.swift */ = {isa = PBXFileReference; fileEncoding = 4; lastKnownFileType = sourcecode.swift; path = AddCourseViewController.swift; sourceTree = "<group>"; };
		23EA52BD1AB8D84D00E14EEA /* AddQuestionViewController.swift */ = {isa = PBXFileReference; fileEncoding = 4; lastKnownFileType = sourcecode.swift; path = AddQuestionViewController.swift; sourceTree = "<group>"; };
		23EA52BE1AB8D84D00E14EEA /* AppDelegate.swift */ = {isa = PBXFileReference; fileEncoding = 4; lastKnownFileType = sourcecode.swift; path = AppDelegate.swift; sourceTree = "<group>"; };
		23EA52C11AB8D84D00E14EEA /* Base */ = {isa = PBXFileReference; lastKnownFileType = file.xib; name = Base; path = LaunchScreen.xib; sourceTree = "<group>"; };
		23EA52C21AB8D84D00E14EEA /* ClassesViewController.swift */ = {isa = PBXFileReference; fileEncoding = 4; lastKnownFileType = sourcecode.swift; path = ClassesViewController.swift; sourceTree = "<group>"; };
		23EA52C31AB8D84D00E14EEA /* Course.swift */ = {isa = PBXFileReference; fileEncoding = 4; lastKnownFileType = sourcecode.swift; path = Course.swift; sourceTree = "<group>"; };
		23EA52C41AB8D84D00E14EEA /* CourseStore.swift */ = {isa = PBXFileReference; fileEncoding = 4; lastKnownFileType = sourcecode.swift; path = CourseStore.swift; sourceTree = "<group>"; };
		23EA52C61AB8D84D00E14EEA /* CurrentUser.swift */ = {isa = PBXFileReference; fileEncoding = 4; lastKnownFileType = sourcecode.swift; path = CurrentUser.swift; sourceTree = "<group>"; };
		23EA52C71AB8D84D00E14EEA /* Images.xcassets */ = {isa = PBXFileReference; lastKnownFileType = folder.assetcatalog; path = Images.xcassets; sourceTree = "<group>"; };
		23EA52C81AB8D84D00E14EEA /* Info.plist */ = {isa = PBXFileReference; fileEncoding = 4; lastKnownFileType = text.plist.xml; path = Info.plist; sourceTree = "<group>"; };
		23EA52C91AB8D84D00E14EEA /* LoginViewController.swift */ = {isa = PBXFileReference; fileEncoding = 4; lastKnownFileType = sourcecode.swift; path = LoginViewController.swift; sourceTree = "<group>"; };
		23EA52CA1AB8D84D00E14EEA /* Main.storyboard */ = {isa = PBXFileReference; fileEncoding = 4; lastKnownFileType = file.storyboard; path = Main.storyboard; sourceTree = "<group>"; };
		23EA52CB1AB8D84D00E14EEA /* QuestionViewController.swift */ = {isa = PBXFileReference; fileEncoding = 4; lastKnownFileType = sourcecode.swift; path = QuestionViewController.swift; sourceTree = "<group>"; };
		23EA52CC1AB8D84D00E14EEA /* User.swift */ = {isa = PBXFileReference; fileEncoding = 4; lastKnownFileType = sourcecode.swift; path = User.swift; sourceTree = "<group>"; };
		23EA52CD1AB8D84D00E14EEA /* UserStore.swift */ = {isa = PBXFileReference; fileEncoding = 4; lastKnownFileType = sourcecode.swift; path = UserStore.swift; sourceTree = "<group>"; };
		23EA52DE1AB8D85600E14EEA /* ClassChatTestTests.swift */ = {isa = PBXFileReference; fileEncoding = 4; lastKnownFileType = sourcecode.swift; path = ClassChatTestTests.swift; sourceTree = "<group>"; };
		23EA52DF1AB8D85600E14EEA /* Info.plist */ = {isa = PBXFileReference; fileEncoding = 4; lastKnownFileType = text.plist.xml; path = Info.plist; sourceTree = "<group>"; };
/* End PBXFileReference section */

/* Begin PBXFrameworksBuildPhase section */
		23EA52941AB8D7A900E14EEA /* Frameworks */ = {
			isa = PBXFrameworksBuildPhase;
			buildActionMask = 2147483647;
			files = (
			);
			runOnlyForDeploymentPostprocessing = 0;
		};
		23EA52A91AB8D7AA00E14EEA /* Frameworks */ = {
			isa = PBXFrameworksBuildPhase;
			buildActionMask = 2147483647;
			files = (
			);
			runOnlyForDeploymentPostprocessing = 0;
		};
/* End PBXFrameworksBuildPhase section */

/* Begin PBXGroup section */
		23EA528E1AB8D7A900E14EEA = {
			isa = PBXGroup;
			children = (
				23EA52991AB8D7A900E14EEA /* ClassChat */,
				23EA52AF1AB8D7AA00E14EEA /* ClassChatTests */,
				23EA52981AB8D7A900E14EEA /* Products */,
			);
			sourceTree = "<group>";
		};
		23EA52981AB8D7A900E14EEA /* Products */ = {
			isa = PBXGroup;
			children = (
				23EA52971AB8D7A900E14EEA /* ClassChat.app */,
				23EA52AC1AB8D7AA00E14EEA /* ClassChatTests.xctest */,
			);
			name = Products;
			sourceTree = "<group>";
		};
		23EA52991AB8D7A900E14EEA /* ClassChat */ = {
			isa = PBXGroup;
			children = (
				23EA52BE1AB8D84D00E14EEA /* AppDelegate.swift */,
				235CC4061ABA8D8F0066E882 /* Backend.swift */,
				23EA52CC1AB8D84D00E14EEA /* User.swift */,
				23EA52C31AB8D84D00E14EEA /* Course.swift */,
				237502EC1ABA1558001EB182 /* Question.swift */,
				237502EA1ABA1558001EB182 /* Comment.swift */,
				23EA52C61AB8D84D00E14EEA /* CurrentUser.swift */,
				23C462581AC9AF3A004D577F /* CreateUserViewController.swift */,
				23EA52BC1AB8D84D00E14EEA /* AddCourseViewController.swift */,
				23EA52BD1AB8D84D00E14EEA /* AddQuestionViewController.swift */,
				235CC4041ABA7BF70066E882 /* AddCommentViewController.swift */,
				23EA52C91AB8D84D00E14EEA /* LoginViewController.swift */,
				23EA52C21AB8D84D00E14EEA /* ClassesViewController.swift */,
				23EA52CB1AB8D84D00E14EEA /* QuestionViewController.swift */,
				237502EB1ABA1558001EB182 /* DiscussionViewController.swift */,
				23EA52CA1AB8D84D00E14EEA /* Main.storyboard */,
				23EA52C71AB8D84D00E14EEA /* Images.xcassets */,
				23EA52C81AB8D84D00E14EEA /* Info.plist */,
				23EA52C41AB8D84D00E14EEA /* CourseStore.swift */,
				23EA52CD1AB8D84D00E14EEA /* UserStore.swift */,
				23EA52BF1AB8D84D00E14EEA /* Base.lproj */,
			);
			path = ClassChat;
			sourceTree = "<group>";
		};
		23EA52AF1AB8D7AA00E14EEA /* ClassChatTests */ = {
			isa = PBXGroup;
			children = (
				23EA52DE1AB8D85600E14EEA /* ClassChatTestTests.swift */,
				23EA52DF1AB8D85600E14EEA /* Info.plist */,
			);
			path = ClassChatTests;
			sourceTree = "<group>";
		};
		23EA52BF1AB8D84D00E14EEA /* Base.lproj */ = {
			isa = PBXGroup;
			children = (
				23EA52C01AB8D84D00E14EEA /* LaunchScreen.xib */,
			);
			path = Base.lproj;
			sourceTree = "<group>";
		};
/* End PBXGroup section */

/* Begin PBXNativeTarget section */
		23EA52961AB8D7A900E14EEA /* ClassChat */ = {
			isa = PBXNativeTarget;
			buildConfigurationList = 23EA52B61AB8D7AA00E14EEA /* Build configuration list for PBXNativeTarget "ClassChat" */;
			buildPhases = (
				23EA52931AB8D7A900E14EEA /* Sources */,
				23EA52941AB8D7A900E14EEA /* Frameworks */,
				23EA52951AB8D7A900E14EEA /* Resources */,
			);
			buildRules = (
			);
			dependencies = (
			);
			name = ClassChat;
			productName = ClassChat;
			productReference = 23EA52971AB8D7A900E14EEA /* ClassChat.app */;
			productType = "com.apple.product-type.application";
		};
		23EA52AB1AB8D7AA00E14EEA /* ClassChatTests */ = {
			isa = PBXNativeTarget;
			buildConfigurationList = 23EA52B91AB8D7AA00E14EEA /* Build configuration list for PBXNativeTarget "ClassChatTests" */;
			buildPhases = (
				23EA52A81AB8D7AA00E14EEA /* Sources */,
				23EA52A91AB8D7AA00E14EEA /* Frameworks */,
				23EA52AA1AB8D7AA00E14EEA /* Resources */,
			);
			buildRules = (
			);
			dependencies = (
				23EA52AE1AB8D7AA00E14EEA /* PBXTargetDependency */,
			);
			name = ClassChatTests;
			productName = ClassChatTests;
			productReference = 23EA52AC1AB8D7AA00E14EEA /* ClassChatTests.xctest */;
			productType = "com.apple.product-type.bundle.unit-test";
		};
/* End PBXNativeTarget section */

/* Begin PBXProject section */
		23EA528F1AB8D7A900E14EEA /* Project object */ = {
			isa = PBXProject;
			attributes = {
				LastUpgradeCheck = 0610;
				ORGANIZATIONNAME = Jake;
				TargetAttributes = {
					23EA52961AB8D7A900E14EEA = {
						CreatedOnToolsVersion = 6.1.1;
					};
					23EA52AB1AB8D7AA00E14EEA = {
						CreatedOnToolsVersion = 6.1.1;
						TestTargetID = 23EA52961AB8D7A900E14EEA;
					};
				};
			};
			buildConfigurationList = 23EA52921AB8D7A900E14EEA /* Build configuration list for PBXProject "ClassChat" */;
			compatibilityVersion = "Xcode 3.2";
			developmentRegion = English;
			hasScannedForEncodings = 0;
			knownRegions = (
				en,
				Base,
			);
			mainGroup = 23EA528E1AB8D7A900E14EEA;
			productRefGroup = 23EA52981AB8D7A900E14EEA /* Products */;
			projectDirPath = "";
			projectRoot = "";
			targets = (
				23EA52961AB8D7A900E14EEA /* ClassChat */,
				23EA52AB1AB8D7AA00E14EEA /* ClassChatTests */,
			);
		};
/* End PBXProject section */

/* Begin PBXResourcesBuildPhase section */
		23EA52951AB8D7A900E14EEA /* Resources */ = {
			isa = PBXResourcesBuildPhase;
			buildActionMask = 2147483647;
			files = (
				23EA52D11AB8D84D00E14EEA /* LaunchScreen.xib in Resources */,
				23EA52D71AB8D84D00E14EEA /* Images.xcassets in Resources */,
				23EA52D81AB8D84D00E14EEA /* Info.plist in Resources */,
				23EA52DA1AB8D84D00E14EEA /* Main.storyboard in Resources */,
			);
			runOnlyForDeploymentPostprocessing = 0;
		};
		23EA52AA1AB8D7AA00E14EEA /* Resources */ = {
			isa = PBXResourcesBuildPhase;
			buildActionMask = 2147483647;
			files = (
				23EA52E11AB8D85600E14EEA /* Info.plist in Resources */,
			);
			runOnlyForDeploymentPostprocessing = 0;
		};
/* End PBXResourcesBuildPhase section */

/* Begin PBXSourcesBuildPhase section */
		23EA52931AB8D7A900E14EEA /* Sources */ = {
			isa = PBXSourcesBuildPhase;
			buildActionMask = 2147483647;
			files = (
				237502EF1ABA1558001EB182 /* Question.swift in Sources */,
				23EA52D91AB8D84D00E14EEA /* LoginViewController.swift in Sources */,
				23EA52D41AB8D84D00E14EEA /* CourseStore.swift in Sources */,
				237502EE1ABA1558001EB182 /* DiscussionViewController.swift in Sources */,
				235CC4071ABA8D8F0066E882 /* Backend.swift in Sources */,
				235CC4051ABA7BF70066E882 /* AddCommentViewController.swift in Sources */,
				23EA52D01AB8D84D00E14EEA /* AppDelegate.swift in Sources */,
				23EA52CF1AB8D84D00E14EEA /* AddQuestionViewController.swift in Sources */,
				23EA52D31AB8D84D00E14EEA /* Course.swift in Sources */,
				23EA52DD1AB8D84D00E14EEA /* UserStore.swift in Sources */,
				23C462591AC9AF3A004D577F /* CreateUserViewController.swift in Sources */,
				23EA52DB1AB8D84D00E14EEA /* QuestionViewController.swift in Sources */,
				237502ED1ABA1558001EB182 /* Comment.swift in Sources */,
				23EA52CE1AB8D84D00E14EEA /* AddCourseViewController.swift in Sources */,
				23EA52D61AB8D84D00E14EEA /* CurrentUser.swift in Sources */,
				23EA52D21AB8D84D00E14EEA /* ClassesViewController.swift in Sources */,
				23EA52DC1AB8D84D00E14EEA /* User.swift in Sources */,
			);
			runOnlyForDeploymentPostprocessing = 0;
		};
		23EA52A81AB8D7AA00E14EEA /* Sources */ = {
			isa = PBXSourcesBuildPhase;
			buildActionMask = 2147483647;
			files = (
				23EA52E01AB8D85600E14EEA /* ClassChatTestTests.swift in Sources */,
			);
			runOnlyForDeploymentPostprocessing = 0;
		};
/* End PBXSourcesBuildPhase section */

/* Begin PBXTargetDependency section */
		23EA52AE1AB8D7AA00E14EEA /* PBXTargetDependency */ = {
			isa = PBXTargetDependency;
			target = 23EA52961AB8D7A900E14EEA /* ClassChat */;
			targetProxy = 23EA52AD1AB8D7AA00E14EEA /* PBXContainerItemProxy */;
		};
/* End PBXTargetDependency section */

/* Begin PBXVariantGroup section */
		23EA52C01AB8D84D00E14EEA /* LaunchScreen.xib */ = {
			isa = PBXVariantGroup;
			children = (
				23EA52C11AB8D84D00E14EEA /* Base */,
			);
			name = LaunchScreen.xib;
			sourceTree = "<group>";
		};
/* End PBXVariantGroup section */

/* Begin XCBuildConfiguration section */
		23EA52B41AB8D7AA00E14EEA /* Debug */ = {
			isa = XCBuildConfiguration;
			buildSettings = {
				ALWAYS_SEARCH_USER_PATHS = NO;
				CLANG_CXX_LANGUAGE_STANDARD = "gnu++0x";
				CLANG_CXX_LIBRARY = "libc++";
				CLANG_ENABLE_MODULES = YES;
				CLANG_ENABLE_OBJC_ARC = YES;
				CLANG_WARN_BOOL_CONVERSION = YES;
				CLANG_WARN_CONSTANT_CONVERSION = YES;
				CLANG_WARN_DIRECT_OBJC_ISA_USAGE = YES_ERROR;
				CLANG_WARN_EMPTY_BODY = YES;
				CLANG_WARN_ENUM_CONVERSION = YES;
				CLANG_WARN_INT_CONVERSION = YES;
				CLANG_WARN_OBJC_ROOT_CLASS = YES_ERROR;
				CLANG_WARN_UNREACHABLE_CODE = YES;
				CLANG_WARN__DUPLICATE_METHOD_MATCH = YES;
				"CODE_SIGN_IDENTITY[sdk=iphoneos*]" = "iPhone Developer";
				COPY_PHASE_STRIP = NO;
				ENABLE_STRICT_OBJC_MSGSEND = YES;
				GCC_C_LANGUAGE_STANDARD = gnu99;
				GCC_DYNAMIC_NO_PIC = NO;
				GCC_OPTIMIZATION_LEVEL = 0;
				GCC_PREPROCESSOR_DEFINITIONS = (
					"DEBUG=1",
					"$(inherited)",
				);
				GCC_SYMBOLS_PRIVATE_EXTERN = NO;
				GCC_WARN_64_TO_32_BIT_CONVERSION = YES;
				GCC_WARN_ABOUT_RETURN_TYPE = YES_ERROR;
				GCC_WARN_UNDECLARED_SELECTOR = YES;
				GCC_WARN_UNINITIALIZED_AUTOS = YES_AGGRESSIVE;
				GCC_WARN_UNUSED_FUNCTION = YES;
				GCC_WARN_UNUSED_VARIABLE = YES;
				IPHONEOS_DEPLOYMENT_TARGET = 8.1;
				MTL_ENABLE_DEBUG_INFO = YES;
				ONLY_ACTIVE_ARCH = YES;
				SDKROOT = iphoneos;
				SWIFT_OPTIMIZATION_LEVEL = "-Onone";
			};
			name = Debug;
		};
		23EA52B51AB8D7AA00E14EEA /* Release */ = {
			isa = XCBuildConfiguration;
			buildSettings = {
				ALWAYS_SEARCH_USER_PATHS = NO;
				CLANG_CXX_LANGUAGE_STANDARD = "gnu++0x";
				CLANG_CXX_LIBRARY = "libc++";
				CLANG_ENABLE_MODULES = YES;
				CLANG_ENABLE_OBJC_ARC = YES;
				CLANG_WARN_BOOL_CONVERSION = YES;
				CLANG_WARN_CONSTANT_CONVERSION = YES;
				CLANG_WARN_DIRECT_OBJC_ISA_USAGE = YES_ERROR;
				CLANG_WARN_EMPTY_BODY = YES;
				CLANG_WARN_ENUM_CONVERSION = YES;
				CLANG_WARN_INT_CONVERSION = YES;
				CLANG_WARN_OBJC_ROOT_CLASS = YES_ERROR;
				CLANG_WARN_UNREACHABLE_CODE = YES;
				CLANG_WARN__DUPLICATE_METHOD_MATCH = YES;
				"CODE_SIGN_IDENTITY[sdk=iphoneos*]" = "iPhone Developer";
				COPY_PHASE_STRIP = YES;
				ENABLE_NS_ASSERTIONS = NO;
				ENABLE_STRICT_OBJC_MSGSEND = YES;
				GCC_C_LANGUAGE_STANDARD = gnu99;
				GCC_WARN_64_TO_32_BIT_CONVERSION = YES;
				GCC_WARN_ABOUT_RETURN_TYPE = YES_ERROR;
				GCC_WARN_UNDECLARED_SELECTOR = YES;
				GCC_WARN_UNINITIALIZED_AUTOS = YES_AGGRESSIVE;
				GCC_WARN_UNUSED_FUNCTION = YES;
				GCC_WARN_UNUSED_VARIABLE = YES;
				IPHONEOS_DEPLOYMENT_TARGET = 8.1;
				MTL_ENABLE_DEBUG_INFO = NO;
				SDKROOT = iphoneos;
				VALIDATE_PRODUCT = YES;
			};
			name = Release;
		};
		23EA52B71AB8D7AA00E14EEA /* Debug */ = {
			isa = XCBuildConfiguration;
			buildSettings = {
				ASSETCATALOG_COMPILER_APPICON_NAME = AppIcon;
				INFOPLIST_FILE = ClassChat/Info.plist;
				LD_RUNPATH_SEARCH_PATHS = "$(inherited) @executable_path/Frameworks";
				PRODUCT_NAME = "$(TARGET_NAME)";
			};
			name = Debug;
		};
		23EA52B81AB8D7AA00E14EEA /* Release */ = {
			isa = XCBuildConfiguration;
			buildSettings = {
				ASSETCATALOG_COMPILER_APPICON_NAME = AppIcon;
				INFOPLIST_FILE = ClassChat/Info.plist;
				LD_RUNPATH_SEARCH_PATHS = "$(inherited) @executable_path/Frameworks";
				PRODUCT_NAME = "$(TARGET_NAME)";
			};
			name = Release;
		};
		23EA52BA1AB8D7AA00E14EEA /* Debug */ = {
			isa = XCBuildConfiguration;
			buildSettings = {
				BUNDLE_LOADER = "$(TEST_HOST)";
				FRAMEWORK_SEARCH_PATHS = (
					"$(SDKROOT)/Developer/Library/Frameworks",
					"$(inherited)",
				);
				GCC_PREPROCESSOR_DEFINITIONS = (
					"DEBUG=1",
					"$(inherited)",
				);
				INFOPLIST_FILE = ClassChatTests/Info.plist;
				LD_RUNPATH_SEARCH_PATHS = "$(inherited) @executable_path/Frameworks @loader_path/Frameworks";
				PRODUCT_NAME = "$(TARGET_NAME)";
				TEST_HOST = "$(BUILT_PRODUCTS_DIR)/ClassChat.app/ClassChat";
			};
			name = Debug;
		};
		23EA52BB1AB8D7AA00E14EEA /* Release */ = {
			isa = XCBuildConfiguration;
			buildSettings = {
				BUNDLE_LOADER = "$(TEST_HOST)";
				FRAMEWORK_SEARCH_PATHS = (
					"$(SDKROOT)/Developer/Library/Frameworks",
					"$(inherited)",
				);
				INFOPLIST_FILE = ClassChatTests/Info.plist;
				LD_RUNPATH_SEARCH_PATHS = "$(inherited) @executable_path/Frameworks @loader_path/Frameworks";
				PRODUCT_NAME = "$(TARGET_NAME)";
				TEST_HOST = "$(BUILT_PRODUCTS_DIR)/ClassChat.app/ClassChat";
			};
			name = Release;
		};
/* End XCBuildConfiguration section */

/* Begin XCConfigurationList section */
		23EA52921AB8D7A900E14EEA /* Build configuration list for PBXProject "ClassChat" */ = {
			isa = XCConfigurationList;
			buildConfigurations = (
				23EA52B41AB8D7AA00E14EEA /* Debug */,
				23EA52B51AB8D7AA00E14EEA /* Release */,
			);
			defaultConfigurationIsVisible = 0;
			defaultConfigurationName = Release;
		};
		23EA52B61AB8D7AA00E14EEA /* Build configuration list for PBXNativeTarget "ClassChat" */ = {
			isa = XCConfigurationList;
			buildConfigurations = (
				23EA52B71AB8D7AA00E14EEA /* Debug */,
				23EA52B81AB8D7AA00E14EEA /* Release */,
			);
			defaultConfigurationIsVisible = 0;
			defaultConfigurationName = Release;
		};
		23EA52B91AB8D7AA00E14EEA /* Build configuration list for PBXNativeTarget "ClassChatTests" */ = {
			isa = XCConfigurationList;
			buildConfigurations = (
				23EA52BA1AB8D7AA00E14EEA /* Debug */,
				23EA52BB1AB8D7AA00E14EEA /* Release */,
			);
			defaultConfigurationIsVisible = 0;
			defaultConfigurationName = Release;
		};
/* End XCConfigurationList section */
	};
	rootObject = 23EA528F1AB8D7A900E14EEA /* Project object */;
}
